// !$*UTF8*$!
{
	archiveVersion = 1;
	classes = {
	};
	objectVersion = 56;
	objects = {

/* Begin PBXBuildFile section */
		D8A6301F2A6C776B00FCBDA4 /* RestartApp.swift in Sources */ = {isa = PBXBuildFile; fileRef = D8A6301E2A6C776B00FCBDA4 /* RestartApp.swift */; };
		D8A630212A6C776B00FCBDA4 /* ContentView.swift in Sources */ = {isa = PBXBuildFile; fileRef = D8A630202A6C776B00FCBDA4 /* ContentView.swift */; };
		D8A630232A6C776D00FCBDA4 /* Assets.xcassets in Resources */ = {isa = PBXBuildFile; fileRef = D8A630222A6C776D00FCBDA4 /* Assets.xcassets */; };
		D8A630262A6C776D00FCBDA4 /* Preview Assets.xcassets in Resources */ = {isa = PBXBuildFile; fileRef = D8A630252A6C776D00FCBDA4 /* Preview Assets.xcassets */; };
		D8A6302E2A6C794500FCBDA4 /* success.m4a in Resources */ = {isa = PBXBuildFile; fileRef = D8A6302C2A6C794500FCBDA4 /* success.m4a */; };
		D8A6302F2A6C794500FCBDA4 /* chimeup.mp3 in Resources */ = {isa = PBXBuildFile; fileRef = D8A6302D2A6C794500FCBDA4 /* chimeup.mp3 */; };
		D8A630362A6C7E0F00FCBDA4 /* OnboardingView.swift in Sources */ = {isa = PBXBuildFile; fileRef = D8A630352A6C7E0F00FCBDA4 /* OnboardingView.swift */; };
		D8A630382A6C7E1800FCBDA4 /* HomeView.swift in Sources */ = {isa = PBXBuildFile; fileRef = D8A630372A6C7E1800FCBDA4 /* HomeView.swift */; };
		D8A6303A2A6DB75400FCBDA4 /* CircleGroupView.swift in Sources */ = {isa = PBXBuildFile; fileRef = D8A630392A6DB75400FCBDA4 /* CircleGroupView.swift */; };
		D8E774F62A6F8847008E75D8 /* AudioPlayer.swift in Sources */ = {isa = PBXBuildFile; fileRef = D8E774F52A6F8847008E75D8 /* AudioPlayer.swift */; };
/* End PBXBuildFile section */

/* Begin PBXFileReference section */
		D8A6301B2A6C776B00FCBDA4 /* Restart.app */ = {isa = PBXFileReference; explicitFileType = wrapper.application; includeInIndex = 0; path = Restart.app; sourceTree = BUILT_PRODUCTS_DIR; };
		D8A6301E2A6C776B00FCBDA4 /* RestartApp.swift */ = {isa = PBXFileReference; lastKnownFileType = sourcecode.swift; path = RestartApp.swift; sourceTree = "<group>"; };
		D8A630202A6C776B00FCBDA4 /* ContentView.swift */ = {isa = PBXFileReference; lastKnownFileType = sourcecode.swift; path = ContentView.swift; sourceTree = "<group>"; };
		D8A630222A6C776D00FCBDA4 /* Assets.xcassets */ = {isa = PBXFileReference; lastKnownFileType = folder.assetcatalog; path = Assets.xcassets; sourceTree = "<group>"; };
		D8A630252A6C776D00FCBDA4 /* Preview Assets.xcassets */ = {isa = PBXFileReference; lastKnownFileType = folder.assetcatalog; path = "Preview Assets.xcassets"; sourceTree = "<group>"; };
		D8A6302C2A6C794500FCBDA4 /* success.m4a */ = {isa = PBXFileReference; lastKnownFileType = file; path = success.m4a; sourceTree = "<group>"; };
		D8A6302D2A6C794500FCBDA4 /* chimeup.mp3 */ = {isa = PBXFileReference; lastKnownFileType = audio.mp3; path = chimeup.mp3; sourceTree = "<group>"; };
		D8A630342A6C7D8800FCBDA4 /* Info.plist */ = {isa = PBXFileReference; lastKnownFileType = text.plist; path = Info.plist; sourceTree = "<group>"; };
		D8A630352A6C7E0F00FCBDA4 /* OnboardingView.swift */ = {isa = PBXFileReference; lastKnownFileType = sourcecode.swift; path = OnboardingView.swift; sourceTree = "<group>"; };
		D8A630372A6C7E1800FCBDA4 /* HomeView.swift */ = {isa = PBXFileReference; lastKnownFileType = sourcecode.swift; path = HomeView.swift; sourceTree = "<group>"; };
		D8A630392A6DB75400FCBDA4 /* CircleGroupView.swift */ = {isa = PBXFileReference; lastKnownFileType = sourcecode.swift; path = CircleGroupView.swift; sourceTree = "<group>"; };
		D8E774F52A6F8847008E75D8 /* AudioPlayer.swift */ = {isa = PBXFileReference; lastKnownFileType = sourcecode.swift; path = AudioPlayer.swift; sourceTree = "<group>"; };
/* End PBXFileReference section */

/* Begin PBXFrameworksBuildPhase section */
		D8A630182A6C776B00FCBDA4 /* Frameworks */ = {
			isa = PBXFrameworksBuildPhase;
			buildActionMask = 2147483647;
			files = (
			);
			runOnlyForDeploymentPostprocessing = 0;
		};
/* End PBXFrameworksBuildPhase section */

/* Begin PBXGroup section */
		D8A630122A6C776B00FCBDA4 = {
			isa = PBXGroup;
			children = (
				D8A6301D2A6C776B00FCBDA4 /* Restart */,
				D8A6301C2A6C776B00FCBDA4 /* Products */,
			);
			sourceTree = "<group>";
		};
		D8A6301C2A6C776B00FCBDA4 /* Products */ = {
			isa = PBXGroup;
			children = (
				D8A6301B2A6C776B00FCBDA4 /* Restart.app */,
			);
			name = Products;
			sourceTree = "<group>";
		};
		D8A6301D2A6C776B00FCBDA4 /* Restart */ = {
			isa = PBXGroup;
			children = (
				D8A630342A6C7D8800FCBDA4 /* Info.plist */,
				D8A630332A6C7BAB00FCBDA4 /* Utilities */,
				D8A630322A6C7B9200FCBDA4 /* Views */,
				D8A630302A6C795F00FCBDA4 /* Sounds */,
				D8A6301E2A6C776B00FCBDA4 /* RestartApp.swift */,
				D8A630312A6C7B8500FCBDA4 /* Screens */,
				D8A630222A6C776D00FCBDA4 /* Assets.xcassets */,
				D8A630242A6C776D00FCBDA4 /* Preview Content */,
			);
			path = Restart;
			sourceTree = "<group>";
		};
		D8A630242A6C776D00FCBDA4 /* Preview Content */ = {
			isa = PBXGroup;
			children = (
				D8A630252A6C776D00FCBDA4 /* Preview Assets.xcassets */,
			);
			path = "Preview Content";
			sourceTree = "<group>";
		};
		D8A630302A6C795F00FCBDA4 /* Sounds */ = {
			isa = PBXGroup;
			children = (
				D8A6302D2A6C794500FCBDA4 /* chimeup.mp3 */,
				D8A6302C2A6C794500FCBDA4 /* success.m4a */,
			);
			path = Sounds;
			sourceTree = "<group>";
		};
		D8A630312A6C7B8500FCBDA4 /* Screens */ = {
			isa = PBXGroup;
			children = (
				D8A630202A6C776B00FCBDA4 /* ContentView.swift */,
				D8A630352A6C7E0F00FCBDA4 /* OnboardingView.swift */,
				D8A630372A6C7E1800FCBDA4 /* HomeView.swift */,
			);
			path = Screens;
			sourceTree = "<group>";
		};
		D8A630322A6C7B9200FCBDA4 /* Views */ = {
			isa = PBXGroup;
			children = (
				D8A630392A6DB75400FCBDA4 /* CircleGroupView.swift */,
			);
			path = Views;
			sourceTree = "<group>";
		};
		D8A630332A6C7BAB00FCBDA4 /* Utilities */ = {
			isa = PBXGroup;
			children = (
				D8E774F52A6F8847008E75D8 /* AudioPlayer.swift */,
			);
			path = Utilities;
			sourceTree = "<group>";
		};
/* End PBXGroup section */

/* Begin PBXNativeTarget section */
		D8A6301A2A6C776B00FCBDA4 /* Restart */ = {
			isa = PBXNativeTarget;
			buildConfigurationList = D8A630292A6C776D00FCBDA4 /* Build configuration list for PBXNativeTarget "Restart" */;
			buildPhases = (
				D8A630172A6C776B00FCBDA4 /* Sources */,
				D8A630182A6C776B00FCBDA4 /* Frameworks */,
				D8A630192A6C776B00FCBDA4 /* Resources */,
			);
			buildRules = (
			);
			dependencies = (
			);
			name = Restart;
			productName = Restart;
			productReference = D8A6301B2A6C776B00FCBDA4 /* Restart.app */;
			productType = "com.apple.product-type.application";
		};
/* End PBXNativeTarget section */

/* Begin PBXProject section */
		D8A630132A6C776B00FCBDA4 /* Project object */ = {
			isa = PBXProject;
			attributes = {
				BuildIndependentTargetsInParallel = 1;
				LastSwiftUpdateCheck = 1430;
				LastUpgradeCheck = 1430;
				TargetAttributes = {
					D8A6301A2A6C776B00FCBDA4 = {
						CreatedOnToolsVersion = 14.3.1;
					};
				};
			};
			buildConfigurationList = D8A630162A6C776B00FCBDA4 /* Build configuration list for PBXProject "Restart" */;
			compatibilityVersion = "Xcode 14.0";
			developmentRegion = en;
			hasScannedForEncodings = 0;
			knownRegions = (
				en,
				Base,
			);
			mainGroup = D8A630122A6C776B00FCBDA4;
			productRefGroup = D8A6301C2A6C776B00FCBDA4 /* Products */;
			projectDirPath = "";
			projectRoot = "";
			targets = (
				D8A6301A2A6C776B00FCBDA4 /* Restart */,
			);
		};
/* End PBXProject section */

/* Begin PBXResourcesBuildPhase section */
		D8A630192A6C776B00FCBDA4 /* Resources */ = {
			isa = PBXResourcesBuildPhase;
			buildActionMask = 2147483647;
			files = (
				D8A6302F2A6C794500FCBDA4 /* chimeup.mp3 in Resources */,
				D8A630262A6C776D00FCBDA4 /* Preview Assets.xcassets in Resources */,
				D8A6302E2A6C794500FCBDA4 /* success.m4a in Resources */,
				D8A630232A6C776D00FCBDA4 /* Assets.xcassets in Resources */,
			);
			runOnlyForDeploymentPostprocessing = 0;
		};
/* End PBXResourcesBuildPhase section */

/* Begin PBXSourcesBuildPhase section */
		D8A630172A6C776B00FCBDA4 /* Sources */ = {
			isa = PBXSourcesBuildPhase;
			buildActionMask = 2147483647;
			files = (
				D8A6303A2A6DB75400FCBDA4 /* CircleGroupView.swift in Sources */,
				D8A630362A6C7E0F00FCBDA4 /* OnboardingView.swift in Sources */,
				D8A630382A6C7E1800FCBDA4 /* HomeView.swift in Sources */,
				D8A630212A6C776B00FCBDA4 /* ContentView.swift in Sources */,
				D8A6301F2A6C776B00FCBDA4 /* RestartApp.swift in Sources */,
				D8E774F62A6F8847008E75D8 /* AudioPlayer.swift in Sources */,
			);
			runOnlyForDeploymentPostprocessing = 0;
		};
/* End PBXSourcesBuildPhase section */

/* Begin XCBuildConfiguration section */
		D8A630272A6C776D00FCBDA4 /* Debug */ = {
			isa = XCBuildConfiguration;
			buildSettings = {
				ALWAYS_SEARCH_USER_PATHS = NO;
				CLANG_ANALYZER_NONNULL = YES;
				CLANG_ANALYZER_NUMBER_OBJECT_CONVERSION = YES_AGGRESSIVE;
				CLANG_CXX_LANGUAGE_STANDARD = "gnu++20";
				CLANG_ENABLE_MODULES = YES;
				CLANG_ENABLE_OBJC_ARC = YES;
				CLANG_ENABLE_OBJC_WEAK = YES;
				CLANG_WARN_BLOCK_CAPTURE_AUTORELEASING = YES;
				CLANG_WARN_BOOL_CONVERSION = YES;
				CLANG_WARN_COMMA = YES;
				CLANG_WARN_CONSTANT_CONVERSION = YES;
				CLANG_WARN_DEPRECATED_OBJC_IMPLEMENTATIONS = YES;
				CLANG_WARN_DIRECT_OBJC_ISA_USAGE = YES_ERROR;
				CLANG_WARN_DOCUMENTATION_COMMENTS = YES;
				CLANG_WARN_EMPTY_BODY = YES;
				CLANG_WARN_ENUM_CONVERSION = YES;
				CLANG_WARN_INFINITE_RECURSION = YES;
				CLANG_WARN_INT_CONVERSION = YES;
				CLANG_WARN_NON_LITERAL_NULL_CONVERSION = YES;
				CLANG_WARN_OBJC_IMPLICIT_RETAIN_SELF = YES;
				CLANG_WARN_OBJC_LITERAL_CONVERSION = YES;
				CLANG_WARN_OBJC_ROOT_CLASS = YES_ERROR;
				CLANG_WARN_QUOTED_INCLUDE_IN_FRAMEWORK_HEADER = YES;
				CLANG_WARN_RANGE_LOOP_ANALYSIS = YES;
				CLANG_WARN_STRICT_PROTOTYPES = YES;
				CLANG_WARN_SUSPICIOUS_MOVE = YES;
				CLANG_WARN_UNGUARDED_AVAILABILITY = YES_AGGRESSIVE;
				CLANG_WARN_UNREACHABLE_CODE = YES;
				CLANG_WARN__DUPLICATE_METHOD_MATCH = YES;
				COPY_PHASE_STRIP = NO;
				DEBUG_INFORMATION_FORMAT = dwarf;
				ENABLE_STRICT_OBJC_MSGSEND = YES;
				ENABLE_TESTABILITY = YES;
				GCC_C_LANGUAGE_STANDARD = gnu11;
				GCC_DYNAMIC_NO_PIC = NO;
				GCC_NO_COMMON_BLOCKS = YES;
				GCC_OPTIMIZATION_LEVEL = 0;
				GCC_PREPROCESSOR_DEFINITIONS = (
					"DEBUG=1",
					"$(inherited)",
				);
				GCC_WARN_64_TO_32_BIT_CONVERSION = YES;
				GCC_WARN_ABOUT_RETURN_TYPE = YES_ERROR;
				GCC_WARN_UNDECLARED_SELECTOR = YES;
				GCC_WARN_UNINITIALIZED_AUTOS = YES_AGGRESSIVE;
				GCC_WARN_UNUSED_FUNCTION = YES;
				GCC_WARN_UNUSED_VARIABLE = YES;
				IPHONEOS_DEPLOYMENT_TARGET = 16.4;
				MTL_ENABLE_DEBUG_INFO = INCLUDE_SOURCE;
				MTL_FAST_MATH = YES;
				ONLY_ACTIVE_ARCH = YES;
				SDKROOT = iphoneos;
				SWIFT_ACTIVE_COMPILATION_CONDITIONS = DEBUG;
				SWIFT_OPTIMIZATION_LEVEL = "-Onone";
			};
			name = Debug;
		};
		D8A630282A6C776D00FCBDA4 /* Release */ = {
			isa = XCBuildConfiguration;
			buildSettings = {
				ALWAYS_SEARCH_USER_PATHS = NO;
				CLANG_ANALYZER_NONNULL = YES;
				CLANG_ANALYZER_NUMBER_OBJECT_CONVERSION = YES_AGGRESSIVE;
				CLANG_CXX_LANGUAGE_STANDARD = "gnu++20";
				CLANG_ENABLE_MODULES = YES;
				CLANG_ENABLE_OBJC_ARC = YES;
				CLANG_ENABLE_OBJC_WEAK = YES;
				CLANG_WARN_BLOCK_CAPTURE_AUTORELEASING = YES;
				CLANG_WARN_BOOL_CONVERSION = YES;
				CLANG_WARN_COMMA = YES;
				CLANG_WARN_CONSTANT_CONVERSION = YES;
				CLANG_WARN_DEPRECATED_OBJC_IMPLEMENTATIONS = YES;
				CLANG_WARN_DIRECT_OBJC_ISA_USAGE = YES_ERROR;
				CLANG_WARN_DOCUMENTATION_COMMENTS = YES;
				CLANG_WARN_EMPTY_BODY = YES;
				CLANG_WARN_ENUM_CONVERSION = YES;
				CLANG_WARN_INFINITE_RECURSION = YES;
				CLANG_WARN_INT_CONVERSION = YES;
				CLANG_WARN_NON_LITERAL_NULL_CONVERSION = YES;
				CLANG_WARN_OBJC_IMPLICIT_RETAIN_SELF = YES;
				CLANG_WARN_OBJC_LITERAL_CONVERSION = YES;
				CLANG_WARN_OBJC_ROOT_CLASS = YES_ERROR;
				CLANG_WARN_QUOTED_INCLUDE_IN_FRAMEWORK_HEADER = YES;
				CLANG_WARN_RANGE_LOOP_ANALYSIS = YES;
				CLANG_WARN_STRICT_PROTOTYPES = YES;
				CLANG_WARN_SUSPICIOUS_MOVE = YES;
				CLANG_WARN_UNGUARDED_AVAILABILITY = YES_AGGRESSIVE;
				CLANG_WARN_UNREACHABLE_CODE = YES;
				CLANG_WARN__DUPLICATE_METHOD_MATCH = YES;
				COPY_PHASE_STRIP = NO;
				DEBUG_INFORMATION_FORMAT = "dwarf-with-dsym";
				ENABLE_NS_ASSERTIONS = NO;
				ENABLE_STRICT_OBJC_MSGSEND = YES;
				GCC_C_LANGUAGE_STANDARD = gnu11;
				GCC_NO_COMMON_BLOCKS = YES;
				GCC_WARN_64_TO_32_BIT_CONVERSION = YES;
				GCC_WARN_ABOUT_RETURN_TYPE = YES_ERROR;
				GCC_WARN_UNDECLARED_SELECTOR = YES;
				GCC_WARN_UNINITIALIZED_AUTOS = YES_AGGRESSIVE;
				GCC_WARN_UNUSED_FUNCTION = YES;
				GCC_WARN_UNUSED_VARIABLE = YES;
				IPHONEOS_DEPLOYMENT_TARGET = 16.4;
				MTL_ENABLE_DEBUG_INFO = NO;
				MTL_FAST_MATH = YES;
				SDKROOT = iphoneos;
				SWIFT_COMPILATION_MODE = wholemodule;
				SWIFT_OPTIMIZATION_LEVEL = "-O";
				VALIDATE_PRODUCT = YES;
			};
			name = Release;
		};
		D8A6302A2A6C776D00FCBDA4 /* Debug */ = {
			isa = XCBuildConfiguration;
			buildSettings = {
				ASSETCATALOG_COMPILER_APPICON_NAME = AppIcon;
				ASSETCATALOG_COMPILER_GLOBAL_ACCENT_COLOR_NAME = AccentColor;
				CODE_SIGN_STYLE = Automatic;
				CURRENT_PROJECT_VERSION = 1;
				DEVELOPMENT_ASSET_PATHS = "\"Restart/Preview Content\"";
				DEVELOPMENT_TEAM = B4QT88TA4R;
				ENABLE_PREVIEWS = YES;
				GENERATE_INFOPLIST_FILE = YES;
				INFOPLIST_FILE = Restart/Info.plist;
				INFOPLIST_KEY_UIApplicationSceneManifest_Generation = YES;
				INFOPLIST_KEY_UIApplicationSupportsIndirectInputEvents = YES;
				INFOPLIST_KEY_UISupportedInterfaceOrientations_iPad = "UIInterfaceOrientationPortrait UIInterfaceOrientationPortraitUpsideDown UIInterfaceOrientationLandscapeLeft UIInterfaceOrientationLandscapeRight";
				INFOPLIST_KEY_UISupportedInterfaceOrientations_iPhone = UIInterfaceOrientationPortrait;
				IPHONEOS_DEPLOYMENT_TARGET = 16.4;
				LD_RUNPATH_SEARCH_PATHS = (
					"$(inherited)",
					"@executable_path/Frameworks",
				);
				MARKETING_VERSION = 1.0;
				PRODUCT_BUNDLE_IDENTIFIER = artemKovalenko.Restart;
				PRODUCT_NAME = "$(TARGET_NAME)";
				SWIFT_EMIT_LOC_STRINGS = YES;
				SWIFT_VERSION = 5.0;
				TARGETED_DEVICE_FAMILY = "1,2";
			};
			name = Debug;
		};
		D8A6302B2A6C776D00FCBDA4 /* Release */ = {
			isa = XCBuildConfiguration;
			buildSettings = {
				ASSETCATALOG_COMPILER_APPICON_NAME = AppIcon;
				ASSETCATALOG_COMPILER_GLOBAL_ACCENT_COLOR_NAME = AccentColor;
				CODE_SIGN_STYLE = Automatic;
				CURRENT_PROJECT_VERSION = 1;
				DEVELOPMENT_ASSET_PATHS = "\"Restart/Preview Content\"";
				DEVELOPMENT_TEAM = B4QT88TA4R;
				ENABLE_PREVIEWS = YES;
				GENERATE_INFOPLIST_FILE = YES;
				INFOPLIST_FILE = Restart/Info.plist;
				INFOPLIST_KEY_UIApplicationSceneManifest_Generation = YES;
				INFOPLIST_KEY_UIApplicationSupportsIndirectInputEvents = YES;
				INFOPLIST_KEY_UISupportedInterfaceOrientations_iPad = "UIInterfaceOrientationPortrait UIInterfaceOrientationPortraitUpsideDown UIInterfaceOrientationLandscapeLeft UIInterfaceOrientationLandscapeRight";
				INFOPLIST_KEY_UISupportedInterfaceOrientations_iPhone = UIInterfaceOrientationPortrait;
				IPHONEOS_DEPLOYMENT_TARGET = 16.4;
				LD_RUNPATH_SEARCH_PATHS = (
					"$(inherited)",
					"@executable_path/Frameworks",
				);
				MARKETING_VERSION = 1.0;
				PRODUCT_BUNDLE_IDENTIFIER = artemKovalenko.Restart;
				PRODUCT_NAME = "$(TARGET_NAME)";
				SWIFT_EMIT_LOC_STRINGS = YES;
				SWIFT_VERSION = 5.0;
				TARGETED_DEVICE_FAMILY = "1,2";
			};
			name = Release;
		};
/* End XCBuildConfiguration section */

/* Begin XCConfigurationList section */
		D8A630162A6C776B00FCBDA4 /* Build configuration list for PBXProject "Restart" */ = {
			isa = XCConfigurationList;
			buildConfigurations = (
				D8A630272A6C776D00FCBDA4 /* Debug */,
				D8A630282A6C776D00FCBDA4 /* Release */,
			);
			defaultConfigurationIsVisible = 0;
			defaultConfigurationName = Release;
		};
		D8A630292A6C776D00FCBDA4 /* Build configuration list for PBXNativeTarget "Restart" */ = {
			isa = XCConfigurationList;
			buildConfigurations = (
				D8A6302A2A6C776D00FCBDA4 /* Debug */,
				D8A6302B2A6C776D00FCBDA4 /* Release */,
			);
			defaultConfigurationIsVisible = 0;
			defaultConfigurationName = Release;
		};
/* End XCConfigurationList section */
	};
	rootObject = D8A630132A6C776B00FCBDA4 /* Project object */;
}
